
Microsoft Visual Studio Solution File, Format Version 12.00
# Visual Studio 14
VisualStudioVersion = 14.0.25420.1
MinimumVisualStudioVersion = 10.0.40219.1
Project("{FAE04EC0-301F-11D3-BF4B-00C04F79EFBC}") = "Lab10", "ReactJs\Lab10.csproj", "{48758361-CD42-484D-A496-B8E9495007E1}"
	ProjectSection(ProjectDependencies) = postProject
		{4F08DBB8-4619-4F27-B4CA-3E4B449E1709} = {4F08DBB8-4619-4F27-B4CA-3E4B449E1709}
	EndProjectSection
EndProject
Project("{FAE04EC0-301F-11D3-BF4B-00C04F79EFBC}") = "AlgonquinCollege.RestaurantReview", "AlgonquinCollege.OnlineService.RestaurantReview\AlgonquinCollege.RestaurantReview.csproj", "{4F08DBB8-4619-4F27-B4CA-3E4B449E1709}"
EndProject
Global
	GlobalSection(SolutionConfigurationPlatforms) = preSolution
		Debug|Any CPU = Debug|Any CPU
		Release|Any CPU = Release|Any CPU
	EndGlobalSection
	GlobalSection(ProjectConfigurationPlatforms) = postSolution
		{48758361-CD42-484D-A496-B8E9495007E1}.Debug|Any CPU.ActiveCfg = Debug|Any CPU
		{48758361-CD42-484D-A496-B8E9495007E1}.Debug|Any CPU.Build.0 = Debug|Any CPU
		{48758361-CD42-484D-A496-B8E9495007E1}.Release|Any CPU.ActiveCfg = Release|Any CPU
		{48758361-CD42-484D-A496-B8E9495007E1}.Release|Any CPU.Build.0 = Release|Any CPU
		{4F08DBB8-4619-4F27-B4CA-3E4B449E1709}.Debug|Any CPU.ActiveCfg = Debug|Any CPU
		{4F08DBB8-4619-4F27-B4CA-3E4B449E1709}.Debug|Any CPU.Build.0 = Debug|Any CPU
		{4F08DBB8-4619-4F27-B4CA-3E4B449E1709}.Release|Any CPU.ActiveCfg = Release|Any CPU
		{4F08DBB8-4619-4F27-B4CA-3E4B449E1709}.Release|Any CPU.Build.0 = Release|Any CPU
	EndGlobalSection
	GlobalSection(SolutionProperties) = preSolution
		HideSolutionNode = FALSE
	EndGlobalSection
EndGlobal
